
Microsoft Visual Studio Solution File, Format Version 12.00
# Visual Studio Version 17
VisualStudioVersion = 17.9.34723.18
MinimumVisualStudioVersion = 10.0.40219.1
Project("{9A19103F-16F7-4668-BE54-9A1E7A4F7556}") = "StringBuilderDialog", "StringBuilderDialog\StringBuilderDialog.csproj", "{ACB4783E-91EB-46A8-8CB6-D97F29E9654E}"
EndProject
Project("{FAE04EC0-301F-11D3-BF4B-00C04F79EFBC}") = "SampleApp", "SampleApp\SampleApp.csproj", "{394C82B3-2215-42E6-B475-1D99EFF1B9A6}"
EndProject
Global
	GlobalSection(SolutionConfigurationPlatforms) = preSolution
		Debug|Any CPU = Debug|Any CPU
		Release|Any CPU = Release|Any CPU
	EndGlobalSection
	GlobalSection(ProjectConfigurationPlatforms) = postSolution
		{ACB4783E-91EB-46A8-8CB6-D97F29E9654E}.Debug|Any CPU.ActiveCfg = Debug|Any CPU
		{ACB4783E-91EB-46A8-8CB6-D97F29E9654E}.Debug|Any CPU.Build.0 = Debug|Any CPU
		{ACB4783E-91EB-46A8-8CB6-D97F29E9654E}.Release|Any CPU.ActiveCfg = Release|Any CPU
		{ACB4783E-91EB-46A8-8CB6-D97F29E9654E}.Release|Any CPU.Build.0 = Release|Any CPU
		{394C82B3-2215-42E6-B475-1D99EFF1B9A6}.Debug|Any CPU.ActiveCfg = Debug|Any CPU
		{394C82B3-2215-42E6-B475-1D99EFF1B9A6}.Debug|Any CPU.Build.0 = Debug|Any CPU
		{394C82B3-2215-42E6-B475-1D99EFF1B9A6}.Release|Any CPU.ActiveCfg = Release|Any CPU
		{394C82B3-2215-42E6-B475-1D99EFF1B9A6}.Release|Any CPU.Build.0 = Release|Any CPU
	EndGlobalSection
	GlobalSection(SolutionProperties) = preSolution
		HideSolutionNode = FALSE
	EndGlobalSection
	GlobalSection(ExtensibilityGlobals) = postSolution
		SolutionGuid = {D832567D-ACC0-4A86-807D-08FEFEA3833F}
	EndGlobalSection
EndGlobal
